{
  "requires": true,
  "lockfileVersion": 1,
  "dependencies": {
    "crypto-js": {
      "version": "4.1.1",
      "resolved": "https://registry.npmjs.org/crypto-js/-/crypto-js-4.1.1.tgz",
      "integrity": "sha512-o2JlM7ydqd3Qk9CA0L4NL6mTzU2sdx96a+oOfPu8Mkl/PK51vSyoi8/rQ8NknZtk44vq15lmhAj9CIAGwgeWKw=="
    },
    "match-all": {
      "version": "1.2.6",
      "resolved": "https://registry.npmjs.org/match-all/-/match-all-1.2.6.tgz",
      "integrity": "sha512-0EESkXiTkWzrQQntBu2uzKvLu6vVkUGz40nGPbSZuegcfE5UuSzNjLaIu76zJWuaT/2I3Z/8M06OlUOZLGwLlQ=="
    },
    "object-hash": {
      "version": "2.2.0",
      "resolved": "https://registry.npmjs.org/object-hash/-/object-hash-2.2.0.tgz",
      "integrity": "sha512-gScRMn0bS5fH+IuwyIFgnh9zBdo4DV+6GhygmWM9HyNJSgS0hScp1f5vjtm7oIIOiT9trXrShAkLFSc2IqKNgw=="
    }
  }
}
